// !$*UTF8*$!
{
	archiveVersion = 1;
	classes = {
	};
	objectVersion = 56;
	objects = {

/* Begin PBXBuildFile section */
		4127E34128DE9D5C00681853 /* AppDelegate.swift in Sources */ = {isa = PBXBuildFile; fileRef = 4127E34028DE9D5C00681853 /* AppDelegate.swift */; };
		4127E34328DE9D5C00681853 /* ContentView.swift in Sources */ = {isa = PBXBuildFile; fileRef = 4127E34228DE9D5C00681853 /* ContentView.swift */; };
		4127E34528DE9D5C00681853 /* Experience.rcproject in Sources */ = {isa = PBXBuildFile; fileRef = 4127E34428DE9D5C00681853 /* Experience.rcproject */; };
		4127E34728DE9D5D00681853 /* Assets.xcassets in Resources */ = {isa = PBXBuildFile; fileRef = 4127E34628DE9D5D00681853 /* Assets.xcassets */; };
		4127E34A28DE9D5D00681853 /* Preview Assets.xcassets in Resources */ = {isa = PBXBuildFile; fileRef = 4127E34928DE9D5D00681853 /* Preview Assets.xcassets */; };
		4127E35228DE9DD600681853 /* Echo3DUsdzFileManager.swift in Sources */ = {isa = PBXBuildFile; fileRef = 4127E35128DE9DD600681853 /* Echo3DUsdzFileManager.swift */; };
		4127E35628DE9E0600681853 /* FridgeARView.swift in Sources */ = {isa = PBXBuildFile; fileRef = 4127E35528DE9E0600681853 /* FridgeARView.swift */; };
		4127E35828DE9E8E00681853 /* Echo3DModel.swift in Sources */ = {isa = PBXBuildFile; fileRef = 4127E35728DE9E8E00681853 /* Echo3DModel.swift */; };
		4127E35A28DE9E9900681853 /* Echo3D_API_Integration.swift in Sources */ = {isa = PBXBuildFile; fileRef = 4127E35928DE9E9900681853 /* Echo3D_API_Integration.swift */; };
		4127E36028DEA71800681853 /* FocusEntity in Frameworks */ = {isa = PBXBuildFile; productRef = 4127E35F28DEA71800681853 /* FocusEntity */; };
		4127E36228DEB49D00681853 /* ItemModel.swift in Sources */ = {isa = PBXBuildFile; fileRef = 4127E36128DEB49D00681853 /* ItemModel.swift */; };
		4127E36428DEC44900681853 /* ListView.swift in Sources */ = {isa = PBXBuildFile; fileRef = 4127E36328DEC44900681853 /* ListView.swift */; };
		4127E36628DEC45400681853 /* ExpressAPI POST.swift in Sources */ = {isa = PBXBuildFile; fileRef = 4127E36528DEC45400681853 /* ExpressAPI POST.swift */; };
		4127E36828DEC50B00681853 /* ExpressAPI GET.swift in Sources */ = {isa = PBXBuildFile; fileRef = 4127E36728DEC50B00681853 /* ExpressAPI GET.swift */; };
		4127E36A28DF289E00681853 /* TwilioNotification.swift in Sources */ = {isa = PBXBuildFile; fileRef = 4127E36928DF289E00681853 /* TwilioNotification.swift */; };
		4127E36D28DF28C900681853 /* Alamofire in Frameworks */ = {isa = PBXBuildFile; productRef = 4127E36C28DF28C900681853 /* Alamofire */; };
		4127E36F28DF2B4100681853 /* EnterFruitsForm.swift in Sources */ = {isa = PBXBuildFile; fileRef = 4127E36E28DF2B4100681853 /* EnterFruitsForm.swift */; };
		4127E37128DF510800681853 /* AddingView.swift in Sources */ = {isa = PBXBuildFile; fileRef = 4127E37028DF510800681853 /* AddingView.swift */; };
		4127E37328DF593200681853 /* ViewModelForItem.swift in Sources */ = {isa = PBXBuildFile; fileRef = 4127E37228DF593200681853 /* ViewModelForItem.swift */; };
/* End PBXBuildFile section */

/* Begin PBXFileReference section */
		4127E33D28DE9D5C00681853 /* testAR2.app */ = {isa = PBXFileReference; explicitFileType = wrapper.application; includeInIndex = 0; path = testAR2.app; sourceTree = BUILT_PRODUCTS_DIR; };
		4127E34028DE9D5C00681853 /* AppDelegate.swift */ = {isa = PBXFileReference; lastKnownFileType = sourcecode.swift; path = AppDelegate.swift; sourceTree = "<group>"; };
		4127E34228DE9D5C00681853 /* ContentView.swift */ = {isa = PBXFileReference; lastKnownFileType = sourcecode.swift; path = ContentView.swift; sourceTree = "<group>"; };
		4127E34428DE9D5C00681853 /* Experience.rcproject */ = {isa = PBXFileReference; lastKnownFileType = file.rcproject; path = Experience.rcproject; sourceTree = "<group>"; };
		4127E34628DE9D5D00681853 /* Assets.xcassets */ = {isa = PBXFileReference; lastKnownFileType = folder.assetcatalog; path = Assets.xcassets; sourceTree = "<group>"; };
		4127E34928DE9D5D00681853 /* Preview Assets.xcassets */ = {isa = PBXFileReference; lastKnownFileType = folder.assetcatalog; path = "Preview Assets.xcassets"; sourceTree = "<group>"; };
		4127E35128DE9DD600681853 /* Echo3DUsdzFileManager.swift */ = {isa = PBXFileReference; lastKnownFileType = sourcecode.swift; path = Echo3DUsdzFileManager.swift; sourceTree = "<group>"; };
		4127E35528DE9E0600681853 /* FridgeARView.swift */ = {isa = PBXFileReference; lastKnownFileType = sourcecode.swift; path = FridgeARView.swift; sourceTree = "<group>"; };
		4127E35728DE9E8E00681853 /* Echo3DModel.swift */ = {isa = PBXFileReference; lastKnownFileType = sourcecode.swift; path = Echo3DModel.swift; sourceTree = "<group>"; };
		4127E35928DE9E9900681853 /* Echo3D_API_Integration.swift */ = {isa = PBXFileReference; lastKnownFileType = sourcecode.swift; path = Echo3D_API_Integration.swift; sourceTree = "<group>"; };
		4127E36128DEB49D00681853 /* ItemModel.swift */ = {isa = PBXFileReference; lastKnownFileType = sourcecode.swift; path = ItemModel.swift; sourceTree = "<group>"; };
		4127E36328DEC44900681853 /* ListView.swift */ = {isa = PBXFileReference; lastKnownFileType = sourcecode.swift; path = ListView.swift; sourceTree = "<group>"; };
		4127E36528DEC45400681853 /* ExpressAPI POST.swift */ = {isa = PBXFileReference; lastKnownFileType = sourcecode.swift; path = "ExpressAPI POST.swift"; sourceTree = "<group>"; };
		4127E36728DEC50B00681853 /* ExpressAPI GET.swift */ = {isa = PBXFileReference; lastKnownFileType = sourcecode.swift; path = "ExpressAPI GET.swift"; sourceTree = "<group>"; };
		4127E36928DF289E00681853 /* TwilioNotification.swift */ = {isa = PBXFileReference; lastKnownFileType = sourcecode.swift; path = TwilioNotification.swift; sourceTree = "<group>"; };
		4127E36E28DF2B4100681853 /* EnterFruitsForm.swift */ = {isa = PBXFileReference; lastKnownFileType = sourcecode.swift; path = EnterFruitsForm.swift; sourceTree = "<group>"; };
		4127E37028DF510800681853 /* AddingView.swift */ = {isa = PBXFileReference; lastKnownFileType = sourcecode.swift; path = AddingView.swift; sourceTree = "<group>"; };
		4127E37228DF593200681853 /* ViewModelForItem.swift */ = {isa = PBXFileReference; lastKnownFileType = sourcecode.swift; path = ViewModelForItem.swift; sourceTree = "<group>"; };
/* End PBXFileReference section */

/* Begin PBXFrameworksBuildPhase section */
		4127E33A28DE9D5C00681853 /* Frameworks */ = {
			isa = PBXFrameworksBuildPhase;
			buildActionMask = 2147483647;
			files = (
				4127E36028DEA71800681853 /* FocusEntity in Frameworks */,
				4127E36D28DF28C900681853 /* Alamofire in Frameworks */,
			);
			runOnlyForDeploymentPostprocessing = 0;
		};
/* End PBXFrameworksBuildPhase section */

/* Begin PBXGroup section */
		4127E33428DE9D5C00681853 = {
			isa = PBXGroup;
			children = (
				4127E33F28DE9D5C00681853 /* testAR2 */,
				4127E33E28DE9D5C00681853 /* Products */,
			);
			sourceTree = "<group>";
		};
		4127E33E28DE9D5C00681853 /* Products */ = {
			isa = PBXGroup;
			children = (
				4127E33D28DE9D5C00681853 /* testAR2.app */,
			);
			name = Products;
			sourceTree = "<group>";
		};
		4127E33F28DE9D5C00681853 /* testAR2 */ = {
			isa = PBXGroup;
			children = (
				4127E34028DE9D5C00681853 /* AppDelegate.swift */,
				4127E34228DE9D5C00681853 /* ContentView.swift */,
				4127E36328DEC44900681853 /* ListView.swift */,
				4127E36E28DF2B4100681853 /* EnterFruitsForm.swift */,
				4127E37028DF510800681853 /* AddingView.swift */,
				4127E35528DE9E0600681853 /* FridgeARView.swift */,
				4127E35028DE9DBF00681853 /* Model */,
				4127E34428DE9D5C00681853 /* Experience.rcproject */,
				4127E34628DE9D5D00681853 /* Assets.xcassets */,
				4127E34828DE9D5D00681853 /* Preview Content */,
			);
			path = testAR2;
			sourceTree = "<group>";
		};
		4127E34828DE9D5D00681853 /* Preview Content */ = {
			isa = PBXGroup;
			children = (
				4127E34928DE9D5D00681853 /* Preview Assets.xcassets */,
			);
			path = "Preview Content";
			sourceTree = "<group>";
		};
		4127E35028DE9DBF00681853 /* Model */ = {
			isa = PBXGroup;
			children = (
				4127E35128DE9DD600681853 /* Echo3DUsdzFileManager.swift */,
				4127E35728DE9E8E00681853 /* Echo3DModel.swift */,
				4127E35928DE9E9900681853 /* Echo3D_API_Integration.swift */,
				4127E36128DEB49D00681853 /* ItemModel.swift */,
				4127E36528DEC45400681853 /* ExpressAPI POST.swift */,
				4127E36728DEC50B00681853 /* ExpressAPI GET.swift */,
				4127E36928DF289E00681853 /* TwilioNotification.swift */,
				4127E37228DF593200681853 /* ViewModelForItem.swift */,
			);
			path = Model;
			sourceTree = "<group>";
		};
/* End PBXGroup section */

/* Begin PBXNativeTarget section */
		4127E33C28DE9D5C00681853 /* testAR2 */ = {
			isa = PBXNativeTarget;
			buildConfigurationList = 4127E34D28DE9D5D00681853 /* Build configuration list for PBXNativeTarget "testAR2" */;
			buildPhases = (
				4127E33928DE9D5C00681853 /* Sources */,
				4127E33A28DE9D5C00681853 /* Frameworks */,
				4127E33B28DE9D5C00681853 /* Resources */,
			);
			buildRules = (
			);
			dependencies = (
			);
			name = testAR2;
			packageProductDependencies = (
				4127E35F28DEA71800681853 /* FocusEntity */,
				4127E36C28DF28C900681853 /* Alamofire */,
			);
			productName = testAR2;
			productReference = 4127E33D28DE9D5C00681853 /* testAR2.app */;
			productType = "com.apple.product-type.application";
		};
/* End PBXNativeTarget section */

/* Begin PBXProject section */
		4127E33528DE9D5C00681853 /* Project object */ = {
			isa = PBXProject;
			attributes = {
				BuildIndependentTargetsInParallel = 1;
				LastSwiftUpdateCheck = 1400;
				LastUpgradeCheck = 1400;
				TargetAttributes = {
					4127E33C28DE9D5C00681853 = {
						CreatedOnToolsVersion = 14.0;
					};
				};
			};
			buildConfigurationList = 4127E33828DE9D5C00681853 /* Build configuration list for PBXProject "testAR2" */;
			compatibilityVersion = "Xcode 14.0";
			developmentRegion = en;
			hasScannedForEncodings = 0;
			knownRegions = (
				en,
				Base,
			);
			mainGroup = 4127E33428DE9D5C00681853;
			packageReferences = (
				4127E35E28DEA71800681853 /* XCRemoteSwiftPackageReference "FocusEntity" */,
				4127E36B28DF28C900681853 /* XCRemoteSwiftPackageReference "Alamofire" */,
			);
			productRefGroup = 4127E33E28DE9D5C00681853 /* Products */;
			projectDirPath = "";
			projectRoot = "";
			targets = (
				4127E33C28DE9D5C00681853 /* testAR2 */,
			);
		};
/* End PBXProject section */

/* Begin PBXResourcesBuildPhase section */
		4127E33B28DE9D5C00681853 /* Resources */ = {
			isa = PBXResourcesBuildPhase;
			buildActionMask = 2147483647;
			files = (
				4127E34A28DE9D5D00681853 /* Preview Assets.xcassets in Resources */,
				4127E34728DE9D5D00681853 /* Assets.xcassets in Resources */,
			);
			runOnlyForDeploymentPostprocessing = 0;
		};
/* End PBXResourcesBuildPhase section */

/* Begin PBXSourcesBuildPhase section */
		4127E33928DE9D5C00681853 /* Sources */ = {
			isa = PBXSourcesBuildPhase;
			buildActionMask = 2147483647;
			files = (
				4127E35628DE9E0600681853 /* FridgeARView.swift in Sources */,
				4127E34328DE9D5C00681853 /* ContentView.swift in Sources */,
				4127E36228DEB49D00681853 /* ItemModel.swift in Sources */,
				4127E36628DEC45400681853 /* ExpressAPI POST.swift in Sources */,
				4127E35228DE9DD600681853 /* Echo3DUsdzFileManager.swift in Sources */,
				4127E35828DE9E8E00681853 /* Echo3DModel.swift in Sources */,
				4127E35A28DE9E9900681853 /* Echo3D_API_Integration.swift in Sources */,
				4127E37328DF593200681853 /* ViewModelForItem.swift in Sources */,
				4127E34128DE9D5C00681853 /* AppDelegate.swift in Sources */,
				4127E34528DE9D5C00681853 /* Experience.rcproject in Sources */,
				4127E36828DEC50B00681853 /* ExpressAPI GET.swift in Sources */,
				4127E36F28DF2B4100681853 /* EnterFruitsForm.swift in Sources */,
				4127E36A28DF289E00681853 /* TwilioNotification.swift in Sources */,
				4127E36428DEC44900681853 /* ListView.swift in Sources */,
				4127E37128DF510800681853 /* AddingView.swift in Sources */,
			);
			runOnlyForDeploymentPostprocessing = 0;
		};
/* End PBXSourcesBuildPhase section */

/* Begin XCBuildConfiguration section */
		4127E34B28DE9D5D00681853 /* Debug */ = {
			isa = XCBuildConfiguration;
			buildSettings = {
				ALWAYS_SEARCH_USER_PATHS = NO;
				CLANG_ANALYZER_NONNULL = YES;
				CLANG_ANALYZER_NUMBER_OBJECT_CONVERSION = YES_AGGRESSIVE;
				CLANG_CXX_LANGUAGE_STANDARD = "gnu++17";
				CLANG_ENABLE_MODULES = YES;
				CLANG_ENABLE_OBJC_ARC = YES;
				CLANG_ENABLE_OBJC_WEAK = YES;
				CLANG_WARN_BLOCK_CAPTURE_AUTORELEASING = YES;
				CLANG_WARN_BOOL_CONVERSION = YES;
				CLANG_WARN_COMMA = YES;
				CLANG_WARN_CONSTANT_CONVERSION = YES;
				CLANG_WARN_DEPRECATED_OBJC_IMPLEMENTATIONS = YES;
				CLANG_WARN_DIRECT_OBJC_ISA_USAGE = YES_ERROR;
				CLANG_WARN_DOCUMENTATION_COMMENTS = YES;
				CLANG_WARN_EMPTY_BODY = YES;
				CLANG_WARN_ENUM_CONVERSION = YES;
				CLANG_WARN_INFINITE_RECURSION = YES;
				CLANG_WARN_INT_CONVERSION = YES;
				CLANG_WARN_NON_LITERAL_NULL_CONVERSION = YES;
				CLANG_WARN_OBJC_IMPLICIT_RETAIN_SELF = YES;
				CLANG_WARN_OBJC_LITERAL_CONVERSION = YES;
				CLANG_WARN_OBJC_ROOT_CLASS = YES_ERROR;
				CLANG_WARN_QUOTED_INCLUDE_IN_FRAMEWORK_HEADER = YES;
				CLANG_WARN_RANGE_LOOP_ANALYSIS = YES;
				CLANG_WARN_STRICT_PROTOTYPES = YES;
				CLANG_WARN_SUSPICIOUS_MOVE = YES;
				CLANG_WARN_UNGUARDED_AVAILABILITY = YES_AGGRESSIVE;
				CLANG_WARN_UNREACHABLE_CODE = YES;
				CLANG_WARN__DUPLICATE_METHOD_MATCH = YES;
				COPY_PHASE_STRIP = NO;
				DEBUG_INFORMATION_FORMAT = dwarf;
				ENABLE_STRICT_OBJC_MSGSEND = YES;
				ENABLE_TESTABILITY = YES;
				GCC_C_LANGUAGE_STANDARD = gnu11;
				GCC_DYNAMIC_NO_PIC = NO;
				GCC_NO_COMMON_BLOCKS = YES;
				GCC_OPTIMIZATION_LEVEL = 0;
				GCC_PREPROCESSOR_DEFINITIONS = (
					"DEBUG=1",
					"$(inherited)",
				);
				GCC_WARN_64_TO_32_BIT_CONVERSION = YES;
				GCC_WARN_ABOUT_RETURN_TYPE = YES_ERROR;
				GCC_WARN_UNDECLARED_SELECTOR = YES;
				GCC_WARN_UNINITIALIZED_AUTOS = YES_AGGRESSIVE;
				GCC_WARN_UNUSED_FUNCTION = YES;
				GCC_WARN_UNUSED_VARIABLE = YES;
				IPHONEOS_DEPLOYMENT_TARGET = 16.0;
				MTL_ENABLE_DEBUG_INFO = INCLUDE_SOURCE;
				MTL_FAST_MATH = YES;
				ONLY_ACTIVE_ARCH = YES;
				SDKROOT = iphoneos;
				SWIFT_ACTIVE_COMPILATION_CONDITIONS = DEBUG;
				SWIFT_OPTIMIZATION_LEVEL = "-Onone";
			};
			name = Debug;
		};
		4127E34C28DE9D5D00681853 /* Release */ = {
			isa = XCBuildConfiguration;
			buildSettings = {
				ALWAYS_SEARCH_USER_PATHS = NO;
				CLANG_ANALYZER_NONNULL = YES;
				CLANG_ANALYZER_NUMBER_OBJECT_CONVERSION = YES_AGGRESSIVE;
				CLANG_CXX_LANGUAGE_STANDARD = "gnu++17";
				CLANG_ENABLE_MODULES = YES;
				CLANG_ENABLE_OBJC_ARC = YES;
				CLANG_ENABLE_OBJC_WEAK = YES;
				CLANG_WARN_BLOCK_CAPTURE_AUTORELEASING = YES;
				CLANG_WARN_BOOL_CONVERSION = YES;
				CLANG_WARN_COMMA = YES;
				CLANG_WARN_CONSTANT_CONVERSION = YES;
				CLANG_WARN_DEPRECATED_OBJC_IMPLEMENTATIONS = YES;
				CLANG_WARN_DIRECT_OBJC_ISA_USAGE = YES_ERROR;
				CLANG_WARN_DOCUMENTATION_COMMENTS = YES;
				CLANG_WARN_EMPTY_BODY = YES;
				CLANG_WARN_ENUM_CONVERSION = YES;
				CLANG_WARN_INFINITE_RECURSION = YES;
				CLANG_WARN_INT_CONVERSION = YES;
				CLANG_WARN_NON_LITERAL_NULL_CONVERSION = YES;
				CLANG_WARN_OBJC_IMPLICIT_RETAIN_SELF = YES;
				CLANG_WARN_OBJC_LITERAL_CONVERSION = YES;
				CLANG_WARN_OBJC_ROOT_CLASS = YES_ERROR;
				CLANG_WARN_QUOTED_INCLUDE_IN_FRAMEWORK_HEADER = YES;
				CLANG_WARN_RANGE_LOOP_ANALYSIS = YES;
				CLANG_WARN_STRICT_PROTOTYPES = YES;
				CLANG_WARN_SUSPICIOUS_MOVE = YES;
				CLANG_WARN_UNGUARDED_AVAILABILITY = YES_AGGRESSIVE;
				CLANG_WARN_UNREACHABLE_CODE = YES;
				CLANG_WARN__DUPLICATE_METHOD_MATCH = YES;
				COPY_PHASE_STRIP = NO;
				DEBUG_INFORMATION_FORMAT = "dwarf-with-dsym";
				ENABLE_NS_ASSERTIONS = NO;
				ENABLE_STRICT_OBJC_MSGSEND = YES;
				GCC_C_LANGUAGE_STANDARD = gnu11;
				GCC_NO_COMMON_BLOCKS = YES;
				GCC_WARN_64_TO_32_BIT_CONVERSION = YES;
				GCC_WARN_ABOUT_RETURN_TYPE = YES_ERROR;
				GCC_WARN_UNDECLARED_SELECTOR = YES;
				GCC_WARN_UNINITIALIZED_AUTOS = YES_AGGRESSIVE;
				GCC_WARN_UNUSED_FUNCTION = YES;
				GCC_WARN_UNUSED_VARIABLE = YES;
				IPHONEOS_DEPLOYMENT_TARGET = 16.0;
				MTL_ENABLE_DEBUG_INFO = NO;
				MTL_FAST_MATH = YES;
				SDKROOT = iphoneos;
				SWIFT_COMPILATION_MODE = wholemodule;
				SWIFT_OPTIMIZATION_LEVEL = "-O";
				VALIDATE_PRODUCT = YES;
			};
			name = Release;
		};
		4127E34E28DE9D5D00681853 /* Debug */ = {
			isa = XCBuildConfiguration;
			buildSettings = {
				ASSETCATALOG_COMPILER_APPICON_NAME = AppIcon;
				ASSETCATALOG_COMPILER_GLOBAL_ACCENT_COLOR_NAME = AccentColor;
				CODE_SIGN_STYLE = Automatic;
				CURRENT_PROJECT_VERSION = 1;
				DEVELOPMENT_ASSET_PATHS = "\"testAR2/Preview Content\"";
				DEVELOPMENT_TEAM = X622SX6D57;
				ENABLE_PREVIEWS = YES;
				GENERATE_INFOPLIST_FILE = YES;
				INFOPLIST_KEY_NSCameraUsageDescription = "";
				INFOPLIST_KEY_UIApplicationSupportsIndirectInputEvents = YES;
				INFOPLIST_KEY_UILaunchScreen_Generation = YES;
				INFOPLIST_KEY_UIRequiredDeviceCapabilities = arkit;
				INFOPLIST_KEY_UIStatusBarHidden = YES;
				INFOPLIST_KEY_UISupportedInterfaceOrientations_iPad = "UIInterfaceOrientationPortrait UIInterfaceOrientationPortraitUpsideDown UIInterfaceOrientationLandscapeLeft UIInterfaceOrientationLandscapeRight";
				INFOPLIST_KEY_UISupportedInterfaceOrientations_iPhone = "UIInterfaceOrientationPortrait UIInterfaceOrientationLandscapeLeft UIInterfaceOrientationLandscapeRight";
				IPHONEOS_DEPLOYMENT_TARGET = 14.0;
				LD_RUNPATH_SEARCH_PATHS = (
					"$(inherited)",
					"@executable_path/Frameworks",
				);
				MARKETING_VERSION = 1.0;
				PRODUCT_BUNDLE_IDENTIFIER = BL.testAR2;
				PRODUCT_NAME = "$(TARGET_NAME)";
				SWIFT_EMIT_LOC_STRINGS = YES;
				SWIFT_VERSION = 5.0;
				TARGETED_DEVICE_FAMILY = "1,2";
			};
			name = Debug;
		};
		4127E34F28DE9D5D00681853 /* Release */ = {
			isa = XCBuildConfiguration;
			buildSettings = {
				ASSETCATALOG_COMPILER_APPICON_NAME = AppIcon;
				ASSETCATALOG_COMPILER_GLOBAL_ACCENT_COLOR_NAME = AccentColor;
				CODE_SIGN_STYLE = Automatic;
				CURRENT_PROJECT_VERSION = 1;
				DEVELOPMENT_ASSET_PATHS = "\"testAR2/Preview Content\"";
				DEVELOPMENT_TEAM = X622SX6D57;
				ENABLE_PREVIEWS = YES;
				GENERATE_INFOPLIST_FILE = YES;
				INFOPLIST_KEY_NSCameraUsageDescription = "";
				INFOPLIST_KEY_UIApplicationSupportsIndirectInputEvents = YES;
				INFOPLIST_KEY_UILaunchScreen_Generation = YES;
				INFOPLIST_KEY_UIRequiredDeviceCapabilities = arkit;
				INFOPLIST_KEY_UIStatusBarHidden = YES;
				INFOPLIST_KEY_UISupportedInterfaceOrientations_iPad = "UIInterfaceOrientationPortrait UIInterfaceOrientationPortraitUpsideDown UIInterfaceOrientationLandscapeLeft UIInterfaceOrientationLandscapeRight";
				INFOPLIST_KEY_UISupportedInterfaceOrientations_iPhone = "UIInterfaceOrientationPortrait UIInterfaceOrientationLandscapeLeft UIInterfaceOrientationLandscapeRight";
				IPHONEOS_DEPLOYMENT_TARGET = 14.0;
				LD_RUNPATH_SEARCH_PATHS = (
					"$(inherited)",
					"@executable_path/Frameworks",
				);
				MARKETING_VERSION = 1.0;
				PRODUCT_BUNDLE_IDENTIFIER = BL.testAR2;
				PRODUCT_NAME = "$(TARGET_NAME)";
				SWIFT_EMIT_LOC_STRINGS = YES;
				SWIFT_VERSION = 5.0;
				TARGETED_DEVICE_FAMILY = "1,2";
			};
			name = Release;
		};
/* End XCBuildConfiguration section */

/* Begin XCConfigurationList section */
		4127E33828DE9D5C00681853 /* Build configuration list for PBXProject "testAR2" */ = {
			isa = XCConfigurationList;
			buildConfigurations = (
				4127E34B28DE9D5D00681853 /* Debug */,
				4127E34C28DE9D5D00681853 /* Release */,
			);
			defaultConfigurationIsVisible = 0;
			defaultConfigurationName = Release;
		};
		4127E34D28DE9D5D00681853 /* Build configuration list for PBXNativeTarget "testAR2" */ = {
			isa = XCConfigurationList;
			buildConfigurations = (
				4127E34E28DE9D5D00681853 /* Debug */,
				4127E34F28DE9D5D00681853 /* Release */,
			);
			defaultConfigurationIsVisible = 0;
			defaultConfigurationName = Release;
		};
/* End XCConfigurationList section */

/* Begin XCRemoteSwiftPackageReference section */
		4127E35E28DEA71800681853 /* XCRemoteSwiftPackageReference "FocusEntity" */ = {
			isa = XCRemoteSwiftPackageReference;
			repositoryURL = "https://github.com/maxxfrazer/FocusEntity";
			requirement = {
				kind = upToNextMajorVersion;
				minimumVersion = 2.0.0;
			};
		};
		4127E36B28DF28C900681853 /* XCRemoteSwiftPackageReference "Alamofire" */ = {
			isa = XCRemoteSwiftPackageReference;
			repositoryURL = "https://github.com/Alamofire/Alamofire";
			requirement = {
				kind = upToNextMajorVersion;
				minimumVersion = 5.0.0;
			};
		};
/* End XCRemoteSwiftPackageReference section */

/* Begin XCSwiftPackageProductDependency section */
		4127E35F28DEA71800681853 /* FocusEntity */ = {
			isa = XCSwiftPackageProductDependency;
			package = 4127E35E28DEA71800681853 /* XCRemoteSwiftPackageReference "FocusEntity" */;
			productName = FocusEntity;
		};
		4127E36C28DF28C900681853 /* Alamofire */ = {
			isa = XCSwiftPackageProductDependency;
			package = 4127E36B28DF28C900681853 /* XCRemoteSwiftPackageReference "Alamofire" */;
			productName = Alamofire;
		};
/* End XCSwiftPackageProductDependency section */
	};
	rootObject = 4127E33528DE9D5C00681853 /* Project object */;
}
